
Microsoft Visual Studio Solution File, Format Version 12.00
Project("{2150E333-8FDC-42A3-9474-1A3956D46DE8}") = "src", "src", "{D4850AE4-C7BC-4650-8ECC-A8A51B187714}"
EndProject
Project("{FAE04EC0-301F-11D3-BF4B-00C04F79EFBC}") = "Bulwark", "src\Bulwark\Bulwark.csproj", "{AA34DEC1-0CD1-4D52-A7CC-2CA1BA26F17A}"
EndProject
Project("{2150E333-8FDC-42A3-9474-1A3956D46DE8}") = "test", "test", "{4C69DC2C-1AB4-4532-B995-29F567430CE3}"
EndProject
Project("{FAE04EC0-301F-11D3-BF4B-00C04F79EFBC}") = "Bulwark.Tests", "test\Bulwark.Tests\Bulwark.Tests.csproj", "{F98B7581-4015-4879-9BC7-84AD96F93284}"
EndProject
Project("{FAE04EC0-301F-11D3-BF4B-00C04F79EFBC}") = "Bulwark.Integration", "src\Bulwark.Integration\Bulwark.Integration.csproj", "{7B397A29-23D9-4E42-A751-EF6E61737721}"
EndProject
Project("{FAE04EC0-301F-11D3-BF4B-00C04F79EFBC}") = "Bulwark.Integration.GitLab", "src\Bulwark.Integration.GitLab\Bulwark.Integration.GitLab.csproj", "{76E9A01F-293A-42F0-BDAB-DE28D047E091}"
EndProject
Project("{FAE04EC0-301F-11D3-BF4B-00C04F79EFBC}") = "Bulwark.Integration.WebHook", "src\Bulwark.Integration.WebHook\Bulwark.Integration.WebHook.csproj", "{2E06C4F3-0430-4BB6-B37B-56B08FADD55D}"
EndProject
Project("{2150E333-8FDC-42A3-9474-1A3956D46DE8}") = "integration", "integration", "{67C5B1B8-CC48-4E93-93C4-E47164654843}"
EndProject
Project("{2150E333-8FDC-42A3-9474-1A3956D46DE8}") = "build", "build", "{58998681-9F77-418D-A4B7-C8AD4E8E9D13}"
EndProject
Project("{FAE04EC0-301F-11D3-BF4B-00C04F79EFBC}") = "Build", "build\scripts\Build.csproj", "{9F2C4212-50B2-483A-932B-1382D2DFEE06}"
EndProject
Global
	GlobalSection(SolutionConfigurationPlatforms) = preSolution
		Debug|Any CPU = Debug|Any CPU
		Release|Any CPU = Release|Any CPU
	EndGlobalSection
	GlobalSection(ProjectConfigurationPlatforms) = postSolution
		{AA34DEC1-0CD1-4D52-A7CC-2CA1BA26F17A}.Debug|Any CPU.ActiveCfg = Debug|Any CPU
		{AA34DEC1-0CD1-4D52-A7CC-2CA1BA26F17A}.Debug|Any CPU.Build.0 = Debug|Any CPU
		{AA34DEC1-0CD1-4D52-A7CC-2CA1BA26F17A}.Release|Any CPU.ActiveCfg = Release|Any CPU
		{AA34DEC1-0CD1-4D52-A7CC-2CA1BA26F17A}.Release|Any CPU.Build.0 = Release|Any CPU
		{F98B7581-4015-4879-9BC7-84AD96F93284}.Debug|Any CPU.ActiveCfg = Debug|Any CPU
		{F98B7581-4015-4879-9BC7-84AD96F93284}.Debug|Any CPU.Build.0 = Debug|Any CPU
		{F98B7581-4015-4879-9BC7-84AD96F93284}.Release|Any CPU.ActiveCfg = Release|Any CPU
		{F98B7581-4015-4879-9BC7-84AD96F93284}.Release|Any CPU.Build.0 = Release|Any CPU
		{7B397A29-23D9-4E42-A751-EF6E61737721}.Debug|Any CPU.ActiveCfg = Debug|Any CPU
		{7B397A29-23D9-4E42-A751-EF6E61737721}.Debug|Any CPU.Build.0 = Debug|Any CPU
		{7B397A29-23D9-4E42-A751-EF6E61737721}.Release|Any CPU.ActiveCfg = Release|Any CPU
		{7B397A29-23D9-4E42-A751-EF6E61737721}.Release|Any CPU.Build.0 = Release|Any CPU
		{76E9A01F-293A-42F0-BDAB-DE28D047E091}.Debug|Any CPU.ActiveCfg = Debug|Any CPU
		{76E9A01F-293A-42F0-BDAB-DE28D047E091}.Debug|Any CPU.Build.0 = Debug|Any CPU
		{76E9A01F-293A-42F0-BDAB-DE28D047E091}.Release|Any CPU.ActiveCfg = Release|Any CPU
		{76E9A01F-293A-42F0-BDAB-DE28D047E091}.Release|Any CPU.Build.0 = Release|Any CPU
		{2E06C4F3-0430-4BB6-B37B-56B08FADD55D}.Debug|Any CPU.ActiveCfg = Debug|Any CPU
		{2E06C4F3-0430-4BB6-B37B-56B08FADD55D}.Debug|Any CPU.Build.0 = Debug|Any CPU
		{2E06C4F3-0430-4BB6-B37B-56B08FADD55D}.Release|Any CPU.ActiveCfg = Release|Any CPU
		{2E06C4F3-0430-4BB6-B37B-56B08FADD55D}.Release|Any CPU.Build.0 = Release|Any CPU
		{9F2C4212-50B2-483A-932B-1382D2DFEE06}.Debug|Any CPU.ActiveCfg = Debug|Any CPU
		{9F2C4212-50B2-483A-932B-1382D2DFEE06}.Debug|Any CPU.Build.0 = Debug|Any CPU
		{9F2C4212-50B2-483A-932B-1382D2DFEE06}.Release|Any CPU.ActiveCfg = Release|Any CPU
		{9F2C4212-50B2-483A-932B-1382D2DFEE06}.Release|Any CPU.Build.0 = Release|Any CPU
	EndGlobalSection
	GlobalSection(NestedProjects) = preSolution
		{AA34DEC1-0CD1-4D52-A7CC-2CA1BA26F17A} = {D4850AE4-C7BC-4650-8ECC-A8A51B187714}
		{F98B7581-4015-4879-9BC7-84AD96F93284} = {4C69DC2C-1AB4-4532-B995-29F567430CE3}
		{67C5B1B8-CC48-4E93-93C4-E47164654843} = {D4850AE4-C7BC-4650-8ECC-A8A51B187714}
		{7B397A29-23D9-4E42-A751-EF6E61737721} = {67C5B1B8-CC48-4E93-93C4-E47164654843}
		{76E9A01F-293A-42F0-BDAB-DE28D047E091} = {67C5B1B8-CC48-4E93-93C4-E47164654843}
		{2E06C4F3-0430-4BB6-B37B-56B08FADD55D} = {67C5B1B8-CC48-4E93-93C4-E47164654843}
		{9F2C4212-50B2-483A-932B-1382D2DFEE06} = {58998681-9F77-418D-A4B7-C8AD4E8E9D13}
	EndGlobalSection
EndGlobal
